// !$*UTF8*$!
{
	archiveVersion = 1;
	classes = {
	};
	objectVersion = 55;
	objects = {

/* Begin PBXBuildFile section */
		ACEC7A5A29C748BA009F45FB /* AppDelegate.swift in Sources */ = {isa = PBXBuildFile; fileRef = ACEC7A5929C748BA009F45FB /* AppDelegate.swift */; };
		ACEC7A5C29C748BA009F45FB /* SceneDelegate.swift in Sources */ = {isa = PBXBuildFile; fileRef = ACEC7A5B29C748BA009F45FB /* SceneDelegate.swift */; };
		ACEC7A5E29C748BA009F45FB /* UsersListViewController.swift in Sources */ = {isa = PBXBuildFile; fileRef = ACEC7A5D29C748BA009F45FB /* UsersListViewController.swift */; };
		ACEC7A6129C748BA009F45FB /* Main.storyboard in Resources */ = {isa = PBXBuildFile; fileRef = ACEC7A5F29C748BA009F45FB /* Main.storyboard */; };
		ACEC7A6329C748BB009F45FB /* Assets.xcassets in Resources */ = {isa = PBXBuildFile; fileRef = ACEC7A6229C748BB009F45FB /* Assets.xcassets */; };
		ACEC7A6629C748BB009F45FB /* LaunchScreen.storyboard in Resources */ = {isa = PBXBuildFile; fileRef = ACEC7A6429C748BB009F45FB /* LaunchScreen.storyboard */; };
		ACEC7A6F29C74A2B009F45FB /* Alamofire in Frameworks */ = {isa = PBXBuildFile; productRef = ACEC7A6E29C74A2B009F45FB /* Alamofire */; };
		ACEC7A7729C770EE009F45FB /* Kingfisher in Frameworks */ = {isa = PBXBuildFile; productRef = ACEC7A7629C770EE009F45FB /* Kingfisher */; };
		ACEC7A7A29C77102009F45FB /* User.swift in Sources */ = {isa = PBXBuildFile; fileRef = ACEC7A7929C77102009F45FB /* User.swift */; };
		ACEC7A7F29C7717D009F45FB /* UserTableViewCell.swift in Sources */ = {isa = PBXBuildFile; fileRef = ACEC7A7E29C7717D009F45FB /* UserTableViewCell.swift */; };
		ACEC7A8129C77483009F45FB /* UserTableViewCell.xib in Resources */ = {isa = PBXBuildFile; fileRef = ACEC7A8029C77483009F45FB /* UserTableViewCell.xib */; };
		ACEC7A8929C778D6009F45FB /* UsersPresenter.swift in Sources */ = {isa = PBXBuildFile; fileRef = ACEC7A8829C778D6009F45FB /* UsersPresenter.swift */; };
		ACEC7A8B29C778DD009F45FB /* UsersInteractor.swift in Sources */ = {isa = PBXBuildFile; fileRef = ACEC7A8A29C778DD009F45FB /* UsersInteractor.swift */; };
		ACEC7A8D29C778E5009F45FB /* UsersRouter.swift in Sources */ = {isa = PBXBuildFile; fileRef = ACEC7A8C29C778E5009F45FB /* UsersRouter.swift */; };
		ACEC7A9029C778F4009F45FB /* UsersProtocol.swift in Sources */ = {isa = PBXBuildFile; fileRef = ACEC7A8F29C778F4009F45FB /* UsersProtocol.swift */; };
/* End PBXBuildFile section */

/* Begin PBXFileReference section */
		ACEC7A5629C748BA009F45FB /* iOSViperPattern.app */ = {isa = PBXFileReference; explicitFileType = wrapper.application; includeInIndex = 0; path = iOSViperPattern.app; sourceTree = BUILT_PRODUCTS_DIR; };
		ACEC7A5929C748BA009F45FB /* AppDelegate.swift */ = {isa = PBXFileReference; lastKnownFileType = sourcecode.swift; path = AppDelegate.swift; sourceTree = "<group>"; };
		ACEC7A5B29C748BA009F45FB /* SceneDelegate.swift */ = {isa = PBXFileReference; lastKnownFileType = sourcecode.swift; path = SceneDelegate.swift; sourceTree = "<group>"; };
		ACEC7A5D29C748BA009F45FB /* UsersListViewController.swift */ = {isa = PBXFileReference; lastKnownFileType = sourcecode.swift; path = UsersListViewController.swift; sourceTree = "<group>"; };
		ACEC7A6029C748BA009F45FB /* Base */ = {isa = PBXFileReference; lastKnownFileType = file.storyboard; name = Base; path = Base.lproj/Main.storyboard; sourceTree = "<group>"; };
		ACEC7A6229C748BB009F45FB /* Assets.xcassets */ = {isa = PBXFileReference; lastKnownFileType = folder.assetcatalog; path = Assets.xcassets; sourceTree = "<group>"; };
		ACEC7A6529C748BB009F45FB /* Base */ = {isa = PBXFileReference; lastKnownFileType = file.storyboard; name = Base; path = Base.lproj/LaunchScreen.storyboard; sourceTree = "<group>"; };
		ACEC7A6729C748BB009F45FB /* Info.plist */ = {isa = PBXFileReference; lastKnownFileType = text.plist.xml; path = Info.plist; sourceTree = "<group>"; };
		ACEC7A7929C77102009F45FB /* User.swift */ = {isa = PBXFileReference; lastKnownFileType = sourcecode.swift; path = User.swift; sourceTree = "<group>"; };
		ACEC7A7E29C7717D009F45FB /* UserTableViewCell.swift */ = {isa = PBXFileReference; lastKnownFileType = sourcecode.swift; path = UserTableViewCell.swift; sourceTree = "<group>"; };
		ACEC7A8029C77483009F45FB /* UserTableViewCell.xib */ = {isa = PBXFileReference; lastKnownFileType = file.xib; path = UserTableViewCell.xib; sourceTree = "<group>"; };
		ACEC7A8829C778D6009F45FB /* UsersPresenter.swift */ = {isa = PBXFileReference; lastKnownFileType = sourcecode.swift; path = UsersPresenter.swift; sourceTree = "<group>"; };
		ACEC7A8A29C778DD009F45FB /* UsersInteractor.swift */ = {isa = PBXFileReference; lastKnownFileType = sourcecode.swift; path = UsersInteractor.swift; sourceTree = "<group>"; };
		ACEC7A8C29C778E5009F45FB /* UsersRouter.swift */ = {isa = PBXFileReference; lastKnownFileType = sourcecode.swift; path = UsersRouter.swift; sourceTree = "<group>"; };
		ACEC7A8F29C778F4009F45FB /* UsersProtocol.swift */ = {isa = PBXFileReference; lastKnownFileType = sourcecode.swift; path = UsersProtocol.swift; sourceTree = "<group>"; };
/* End PBXFileReference section */

/* Begin PBXFrameworksBuildPhase section */
		ACEC7A5329C748BA009F45FB /* Frameworks */ = {
			isa = PBXFrameworksBuildPhase;
			buildActionMask = 2147483647;
			files = (
				ACEC7A7729C770EE009F45FB /* Kingfisher in Frameworks */,
				ACEC7A6F29C74A2B009F45FB /* Alamofire in Frameworks */,
			);
			runOnlyForDeploymentPostprocessing = 0;
		};
/* End PBXFrameworksBuildPhase section */

/* Begin PBXGroup section */
		ACEC7A4D29C748BA009F45FB = {
			isa = PBXGroup;
			children = (
				ACEC7A5829C748BA009F45FB /* iOSViperPattern */,
				ACEC7A5729C748BA009F45FB /* Products */,
			);
			sourceTree = "<group>";
		};
		ACEC7A5729C748BA009F45FB /* Products */ = {
			isa = PBXGroup;
			children = (
				ACEC7A5629C748BA009F45FB /* iOSViperPattern.app */,
			);
			name = Products;
			sourceTree = "<group>";
		};
		ACEC7A5829C748BA009F45FB /* iOSViperPattern */ = {
			isa = PBXGroup;
			children = (
				ACEC7A7C29C77132009F45FB /* Application */,
				ACEC7A7829C770FB009F45FB /* Model */,
				ACEC7A8329C778AD009F45FB /* User */,
				ACEC7A6229C748BB009F45FB /* Assets.xcassets */,
				ACEC7A6429C748BB009F45FB /* LaunchScreen.storyboard */,
				ACEC7A6729C748BB009F45FB /* Info.plist */,
			);
			path = iOSViperPattern;
			sourceTree = "<group>";
		};
		ACEC7A7829C770FB009F45FB /* Model */ = {
			isa = PBXGroup;
			children = (
				ACEC7A7929C77102009F45FB /* User.swift */,
			);
			path = Model;
			sourceTree = "<group>";
		};
		ACEC7A7B29C7712B009F45FB /* View */ = {
			isa = PBXGroup;
			children = (
				ACEC7A7D29C77169009F45FB /* CustomCell */,
				ACEC7A5D29C748BA009F45FB /* UsersListViewController.swift */,
				ACEC7A5F29C748BA009F45FB /* Main.storyboard */,
			);
			path = View;
			sourceTree = "<group>";
		};
		ACEC7A7C29C77132009F45FB /* Application */ = {
			isa = PBXGroup;
			children = (
				ACEC7A5929C748BA009F45FB /* AppDelegate.swift */,
				ACEC7A5B29C748BA009F45FB /* SceneDelegate.swift */,
			);
			path = Application;
			sourceTree = "<group>";
		};
		ACEC7A7D29C77169009F45FB /* CustomCell */ = {
			isa = PBXGroup;
			children = (
				ACEC7A7E29C7717D009F45FB /* UserTableViewCell.swift */,
				ACEC7A8029C77483009F45FB /* UserTableViewCell.xib */,
			);
			path = CustomCell;
			sourceTree = "<group>";
		};
		ACEC7A8329C778AD009F45FB /* User */ = {
			isa = PBXGroup;
			children = (
				ACEC7A8E29C778E8009F45FB /* Protocol */,
				ACEC7A8629C778C2009F45FB /* Router */,
				ACEC7A8529C778BC009F45FB /* Interactor */,
				ACEC7A8429C778B6009F45FB /* Presenter */,
				ACEC7A7B29C7712B009F45FB /* View */,
			);
			path = User;
			sourceTree = "<group>";
		};
		ACEC7A8429C778B6009F45FB /* Presenter */ = {
			isa = PBXGroup;
			children = (
				ACEC7A8829C778D6009F45FB /* UsersPresenter.swift */,
			);
			path = Presenter;
			sourceTree = "<group>";
		};
		ACEC7A8529C778BC009F45FB /* Interactor */ = {
			isa = PBXGroup;
			children = (
				ACEC7A8A29C778DD009F45FB /* UsersInteractor.swift */,
			);
			path = Interactor;
			sourceTree = "<group>";
		};
		ACEC7A8629C778C2009F45FB /* Router */ = {
			isa = PBXGroup;
			children = (
				ACEC7A8C29C778E5009F45FB /* UsersRouter.swift */,
			);
			path = Router;
			sourceTree = "<group>";
		};
		ACEC7A8E29C778E8009F45FB /* Protocol */ = {
			isa = PBXGroup;
			children = (
				ACEC7A8F29C778F4009F45FB /* UsersProtocol.swift */,
			);
			path = Protocol;
			sourceTree = "<group>";
		};
/* End PBXGroup section */

/* Begin PBXNativeTarget section */
		ACEC7A5529C748BA009F45FB /* iOSViperPattern */ = {
			isa = PBXNativeTarget;
			buildConfigurationList = ACEC7A6A29C748BB009F45FB /* Build configuration list for PBXNativeTarget "iOSViperPattern" */;
			buildPhases = (
				ACEC7A5229C748BA009F45FB /* Sources */,
				ACEC7A5329C748BA009F45FB /* Frameworks */,
				ACEC7A5429C748BA009F45FB /* Resources */,
			);
			buildRules = (
			);
			dependencies = (
			);
			name = iOSViperPattern;
			packageProductDependencies = (
				ACEC7A6E29C74A2B009F45FB /* Alamofire */,
				ACEC7A7629C770EE009F45FB /* Kingfisher */,
			);
			productName = iOSViperPattern;
			productReference = ACEC7A5629C748BA009F45FB /* iOSViperPattern.app */;
			productType = "com.apple.product-type.application";
		};
/* End PBXNativeTarget section */

/* Begin PBXProject section */
		ACEC7A4E29C748BA009F45FB /* Project object */ = {
			isa = PBXProject;
			attributes = {
				BuildIndependentTargetsInParallel = 1;
				LastSwiftUpdateCheck = 1420;
				LastUpgradeCheck = 1420;
				TargetAttributes = {
					ACEC7A5529C748BA009F45FB = {
						CreatedOnToolsVersion = 14.2;
					};
				};
			};
			buildConfigurationList = ACEC7A5129C748BA009F45FB /* Build configuration list for PBXProject "iOSViperPattern" */;
			compatibilityVersion = "Xcode 13.0";
			developmentRegion = en;
			hasScannedForEncodings = 0;
			knownRegions = (
				en,
				Base,
			);
			mainGroup = ACEC7A4D29C748BA009F45FB;
			packageReferences = (
				ACEC7A6D29C74A2B009F45FB /* XCRemoteSwiftPackageReference "Alamofire" */,
				ACEC7A7529C770EE009F45FB /* XCRemoteSwiftPackageReference "Kingfisher" */,
			);
			productRefGroup = ACEC7A5729C748BA009F45FB /* Products */;
			projectDirPath = "";
			projectRoot = "";
			targets = (
				ACEC7A5529C748BA009F45FB /* iOSViperPattern */,
			);
		};
/* End PBXProject section */

/* Begin PBXResourcesBuildPhase section */
		ACEC7A5429C748BA009F45FB /* Resources */ = {
			isa = PBXResourcesBuildPhase;
			buildActionMask = 2147483647;
			files = (
				ACEC7A8129C77483009F45FB /* UserTableViewCell.xib in Resources */,
				ACEC7A6629C748BB009F45FB /* LaunchScreen.storyboard in Resources */,
				ACEC7A6329C748BB009F45FB /* Assets.xcassets in Resources */,
				ACEC7A6129C748BA009F45FB /* Main.storyboard in Resources */,
			);
			runOnlyForDeploymentPostprocessing = 0;
		};
/* End PBXResourcesBuildPhase section */

/* Begin PBXSourcesBuildPhase section */
		ACEC7A5229C748BA009F45FB /* Sources */ = {
			isa = PBXSourcesBuildPhase;
			buildActionMask = 2147483647;
			files = (
				ACEC7A7A29C77102009F45FB /* User.swift in Sources */,
				ACEC7A8B29C778DD009F45FB /* UsersInteractor.swift in Sources */,
				ACEC7A5E29C748BA009F45FB /* UsersListViewController.swift in Sources */,
				ACEC7A8D29C778E5009F45FB /* UsersRouter.swift in Sources */,
				ACEC7A5A29C748BA009F45FB /* AppDelegate.swift in Sources */,
				ACEC7A8929C778D6009F45FB /* UsersPresenter.swift in Sources */,
				ACEC7A5C29C748BA009F45FB /* SceneDelegate.swift in Sources */,
				ACEC7A7F29C7717D009F45FB /* UserTableViewCell.swift in Sources */,
				ACEC7A9029C778F4009F45FB /* UsersProtocol.swift in Sources */,
			);
			runOnlyForDeploymentPostprocessing = 0;
		};
/* End PBXSourcesBuildPhase section */

/* Begin PBXVariantGroup section */
		ACEC7A5F29C748BA009F45FB /* Main.storyboard */ = {
			isa = PBXVariantGroup;
			children = (
				ACEC7A6029C748BA009F45FB /* Base */,
			);
			name = Main.storyboard;
			sourceTree = "<group>";
		};
		ACEC7A6429C748BB009F45FB /* LaunchScreen.storyboard */ = {
			isa = PBXVariantGroup;
			children = (
				ACEC7A6529C748BB009F45FB /* Base */,
			);
			name = LaunchScreen.storyboard;
			sourceTree = "<group>";
		};
/* End PBXVariantGroup section */

/* Begin XCBuildConfiguration section */
		ACEC7A6829C748BB009F45FB /* Debug */ = {
			isa = XCBuildConfiguration;
			buildSettings = {
				ALWAYS_SEARCH_USER_PATHS = NO;
				CLANG_ANALYZER_NONNULL = YES;
				CLANG_ANALYZER_NUMBER_OBJECT_CONVERSION = YES_AGGRESSIVE;
				CLANG_CXX_LANGUAGE_STANDARD = "gnu++20";
				CLANG_ENABLE_MODULES = YES;
				CLANG_ENABLE_OBJC_ARC = YES;
				CLANG_ENABLE_OBJC_WEAK = YES;
				CLANG_WARN_BLOCK_CAPTURE_AUTORELEASING = YES;
				CLANG_WARN_BOOL_CONVERSION = YES;
				CLANG_WARN_COMMA = YES;
				CLANG_WARN_CONSTANT_CONVERSION = YES;
				CLANG_WARN_DEPRECATED_OBJC_IMPLEMENTATIONS = YES;
				CLANG_WARN_DIRECT_OBJC_ISA_USAGE = YES_ERROR;
				CLANG_WARN_DOCUMENTATION_COMMENTS = YES;
				CLANG_WARN_EMPTY_BODY = YES;
				CLANG_WARN_ENUM_CONVERSION = YES;
				CLANG_WARN_INFINITE_RECURSION = YES;
				CLANG_WARN_INT_CONVERSION = YES;
				CLANG_WARN_NON_LITERAL_NULL_CONVERSION = YES;
				CLANG_WARN_OBJC_IMPLICIT_RETAIN_SELF = YES;
				CLANG_WARN_OBJC_LITERAL_CONVERSION = YES;
				CLANG_WARN_OBJC_ROOT_CLASS = YES_ERROR;
				CLANG_WARN_QUOTED_INCLUDE_IN_FRAMEWORK_HEADER = YES;
				CLANG_WARN_RANGE_LOOP_ANALYSIS = YES;
				CLANG_WARN_STRICT_PROTOTYPES = YES;
				CLANG_WARN_SUSPICIOUS_MOVE = YES;
				CLANG_WARN_UNGUARDED_AVAILABILITY = YES_AGGRESSIVE;
				CLANG_WARN_UNREACHABLE_CODE = YES;
				CLANG_WARN__DUPLICATE_METHOD_MATCH = YES;
				COPY_PHASE_STRIP = NO;
				DEBUG_INFORMATION_FORMAT = dwarf;
				ENABLE_STRICT_OBJC_MSGSEND = YES;
				ENABLE_TESTABILITY = YES;
				GCC_C_LANGUAGE_STANDARD = gnu11;
				GCC_DYNAMIC_NO_PIC = NO;
				GCC_NO_COMMON_BLOCKS = YES;
				GCC_OPTIMIZATION_LEVEL = 0;
				GCC_PREPROCESSOR_DEFINITIONS = (
					"DEBUG=1",
					"$(inherited)",
				);
				GCC_WARN_64_TO_32_BIT_CONVERSION = YES;
				GCC_WARN_ABOUT_RETURN_TYPE = YES_ERROR;
				GCC_WARN_UNDECLARED_SELECTOR = YES;
				GCC_WARN_UNINITIALIZED_AUTOS = YES_AGGRESSIVE;
				GCC_WARN_UNUSED_FUNCTION = YES;
				GCC_WARN_UNUSED_VARIABLE = YES;
				IPHONEOS_DEPLOYMENT_TARGET = 16.0;
				MTL_ENABLE_DEBUG_INFO = INCLUDE_SOURCE;
				MTL_FAST_MATH = YES;
				ONLY_ACTIVE_ARCH = YES;
				SDKROOT = iphoneos;
				SWIFT_ACTIVE_COMPILATION_CONDITIONS = DEBUG;
				SWIFT_OPTIMIZATION_LEVEL = "-Onone";
			};
			name = Debug;
		};
		ACEC7A6929C748BB009F45FB /* Release */ = {
			isa = XCBuildConfiguration;
			buildSettings = {
				ALWAYS_SEARCH_USER_PATHS = NO;
				CLANG_ANALYZER_NONNULL = YES;
				CLANG_ANALYZER_NUMBER_OBJECT_CONVERSION = YES_AGGRESSIVE;
				CLANG_CXX_LANGUAGE_STANDARD = "gnu++20";
				CLANG_ENABLE_MODULES = YES;
				CLANG_ENABLE_OBJC_ARC = YES;
				CLANG_ENABLE_OBJC_WEAK = YES;
				CLANG_WARN_BLOCK_CAPTURE_AUTORELEASING = YES;
				CLANG_WARN_BOOL_CONVERSION = YES;
				CLANG_WARN_COMMA = YES;
				CLANG_WARN_CONSTANT_CONVERSION = YES;
				CLANG_WARN_DEPRECATED_OBJC_IMPLEMENTATIONS = YES;
				CLANG_WARN_DIRECT_OBJC_ISA_USAGE = YES_ERROR;
				CLANG_WARN_DOCUMENTATION_COMMENTS = YES;
				CLANG_WARN_EMPTY_BODY = YES;
				CLANG_WARN_ENUM_CONVERSION = YES;
				CLANG_WARN_INFINITE_RECURSION = YES;
				CLANG_WARN_INT_CONVERSION = YES;
				CLANG_WARN_NON_LITERAL_NULL_CONVERSION = YES;
				CLANG_WARN_OBJC_IMPLICIT_RETAIN_SELF = YES;
				CLANG_WARN_OBJC_LITERAL_CONVERSION = YES;
				CLANG_WARN_OBJC_ROOT_CLASS = YES_ERROR;
				CLANG_WARN_QUOTED_INCLUDE_IN_FRAMEWORK_HEADER = YES;
				CLANG_WARN_RANGE_LOOP_ANALYSIS = YES;
				CLANG_WARN_STRICT_PROTOTYPES = YES;
				CLANG_WARN_SUSPICIOUS_MOVE = YES;
				CLANG_WARN_UNGUARDED_AVAILABILITY = YES_AGGRESSIVE;
				CLANG_WARN_UNREACHABLE_CODE = YES;
				CLANG_WARN__DUPLICATE_METHOD_MATCH = YES;
				COPY_PHASE_STRIP = NO;
				DEBUG_INFORMATION_FORMAT = "dwarf-with-dsym";
				ENABLE_NS_ASSERTIONS = NO;
				ENABLE_STRICT_OBJC_MSGSEND = YES;
				GCC_C_LANGUAGE_STANDARD = gnu11;
				GCC_NO_COMMON_BLOCKS = YES;
				GCC_WARN_64_TO_32_BIT_CONVERSION = YES;
				GCC_WARN_ABOUT_RETURN_TYPE = YES_ERROR;
				GCC_WARN_UNDECLARED_SELECTOR = YES;
				GCC_WARN_UNINITIALIZED_AUTOS = YES_AGGRESSIVE;
				GCC_WARN_UNUSED_FUNCTION = YES;
				GCC_WARN_UNUSED_VARIABLE = YES;
				IPHONEOS_DEPLOYMENT_TARGET = 16.0;
				MTL_ENABLE_DEBUG_INFO = NO;
				MTL_FAST_MATH = YES;
				SDKROOT = iphoneos;
				SWIFT_COMPILATION_MODE = wholemodule;
				SWIFT_OPTIMIZATION_LEVEL = "-O";
				VALIDATE_PRODUCT = YES;
			};
			name = Release;
		};
		ACEC7A6B29C748BB009F45FB /* Debug */ = {
			isa = XCBuildConfiguration;
			buildSettings = {
				ASSETCATALOG_COMPILER_APPICON_NAME = AppIcon;
				ASSETCATALOG_COMPILER_GLOBAL_ACCENT_COLOR_NAME = AccentColor;
				CODE_SIGN_STYLE = Automatic;
				CURRENT_PROJECT_VERSION = 1;
				DEVELOPMENT_TEAM = M4SYRBQBFW;
				GENERATE_INFOPLIST_FILE = YES;
				INFOPLIST_FILE = iOSViperPattern/Info.plist;
				INFOPLIST_KEY_UIApplicationSupportsIndirectInputEvents = YES;
				INFOPLIST_KEY_UILaunchStoryboardName = LaunchScreen;
				INFOPLIST_KEY_UIMainStoryboardFile = Main;
				INFOPLIST_KEY_UISupportedInterfaceOrientations_iPad = "UIInterfaceOrientationPortrait UIInterfaceOrientationPortraitUpsideDown UIInterfaceOrientationLandscapeLeft UIInterfaceOrientationLandscapeRight";
				INFOPLIST_KEY_UISupportedInterfaceOrientations_iPhone = "UIInterfaceOrientationPortrait UIInterfaceOrientationLandscapeLeft UIInterfaceOrientationLandscapeRight";
				IPHONEOS_DEPLOYMENT_TARGET = 16.0;
				LD_RUNPATH_SEARCH_PATHS = (
					"$(inherited)",
					"@executable_path/Frameworks",
				);
				MARKETING_VERSION = 1.0;
				PRODUCT_BUNDLE_IDENTIFIER = com.AhmedAmin.iOSViperPattern;
				PRODUCT_NAME = "$(TARGET_NAME)";
				SWIFT_EMIT_LOC_STRINGS = YES;
				SWIFT_VERSION = 5.0;
				TARGETED_DEVICE_FAMILY = "1,2";
			};
			name = Debug;
		};
		ACEC7A6C29C748BB009F45FB /* Release */ = {
			isa = XCBuildConfiguration;
			buildSettings = {
				ASSETCATALOG_COMPILER_APPICON_NAME = AppIcon;
				ASSETCATALOG_COMPILER_GLOBAL_ACCENT_COLOR_NAME = AccentColor;
				CODE_SIGN_STYLE = Automatic;
				CURRENT_PROJECT_VERSION = 1;
				DEVELOPMENT_TEAM = M4SYRBQBFW;
				GENERATE_INFOPLIST_FILE = YES;
				INFOPLIST_FILE = iOSViperPattern/Info.plist;
				INFOPLIST_KEY_UIApplicationSupportsIndirectInputEvents = YES;
				INFOPLIST_KEY_UILaunchStoryboardName = LaunchScreen;
				INFOPLIST_KEY_UIMainStoryboardFile = Main;
				INFOPLIST_KEY_UISupportedInterfaceOrientations_iPad = "UIInterfaceOrientationPortrait UIInterfaceOrientationPortraitUpsideDown UIInterfaceOrientationLandscapeLeft UIInterfaceOrientationLandscapeRight";
				INFOPLIST_KEY_UISupportedInterfaceOrientations_iPhone = "UIInterfaceOrientationPortrait UIInterfaceOrientationLandscapeLeft UIInterfaceOrientationLandscapeRight";
				IPHONEOS_DEPLOYMENT_TARGET = 16.0;
				LD_RUNPATH_SEARCH_PATHS = (
					"$(inherited)",
					"@executable_path/Frameworks",
				);
				MARKETING_VERSION = 1.0;
				PRODUCT_BUNDLE_IDENTIFIER = com.AhmedAmin.iOSViperPattern;
				PRODUCT_NAME = "$(TARGET_NAME)";
				SWIFT_EMIT_LOC_STRINGS = YES;
				SWIFT_VERSION = 5.0;
				TARGETED_DEVICE_FAMILY = "1,2";
			};
			name = Release;
		};
/* End XCBuildConfiguration section */

/* Begin XCConfigurationList section */
		ACEC7A5129C748BA009F45FB /* Build configuration list for PBXProject "iOSViperPattern" */ = {
			isa = XCConfigurationList;
			buildConfigurations = (
				ACEC7A6829C748BB009F45FB /* Debug */,
				ACEC7A6929C748BB009F45FB /* Release */,
			);
			defaultConfigurationIsVisible = 0;
			defaultConfigurationName = Release;
		};
		ACEC7A6A29C748BB009F45FB /* Build configuration list for PBXNativeTarget "iOSViperPattern" */ = {
			isa = XCConfigurationList;
			buildConfigurations = (
				ACEC7A6B29C748BB009F45FB /* Debug */,
				ACEC7A6C29C748BB009F45FB /* Release */,
			);
			defaultConfigurationIsVisible = 0;
			defaultConfigurationName = Release;
		};
/* End XCConfigurationList section */

/* Begin XCRemoteSwiftPackageReference section */
		ACEC7A6D29C74A2B009F45FB /* XCRemoteSwiftPackageReference "Alamofire" */ = {
			isa = XCRemoteSwiftPackageReference;
			repositoryURL = "https://github.com/Alamofire/Alamofire.git";
			requirement = {
				kind = upToNextMajorVersion;
				minimumVersion = 5.6.0;
			};
		};
		ACEC7A7529C770EE009F45FB /* XCRemoteSwiftPackageReference "Kingfisher" */ = {
			isa = XCRemoteSwiftPackageReference;
			repositoryURL = "https://github.com/onevcat/Kingfisher.git";
			requirement = {
				kind = upToNextMajorVersion;
				minimumVersion = 7.0.0;
			};
		};
/* End XCRemoteSwiftPackageReference section */

/* Begin XCSwiftPackageProductDependency section */
		ACEC7A6E29C74A2B009F45FB /* Alamofire */ = {
			isa = XCSwiftPackageProductDependency;
			package = ACEC7A6D29C74A2B009F45FB /* XCRemoteSwiftPackageReference "Alamofire" */;
			productName = Alamofire;
		};
		ACEC7A7629C770EE009F45FB /* Kingfisher */ = {
			isa = XCSwiftPackageProductDependency;
			package = ACEC7A7529C770EE009F45FB /* XCRemoteSwiftPackageReference "Kingfisher" */;
			productName = Kingfisher;
		};
/* End XCSwiftPackageProductDependency section */
	};
	rootObject = ACEC7A4E29C748BA009F45FB /* Project object */;
}
